
Microsoft Visual Studio Solution File, Format Version 12.00
# Visual Studio Version 17
VisualStudioVersion = 17.10.35122.118
MinimumVisualStudioVersion = 10.0.40219.1
Project("{FAE04EC0-301F-11D3-BF4B-00C04F79EFBC}") = "HVM Kasserer", "HVM Kasserer.csproj", "{6759D8EF-5017-40DC-8672-A899B1316DE5}"
EndProject
Global
	GlobalSection(SolutionConfigurationPlatforms) = preSolution
		Debug|Any CPU = Debug|Any CPU
		Release|Any CPU = Release|Any CPU
	EndGlobalSection
	GlobalSection(ProjectConfigurationPlatforms) = postSolution
		{6759D8EF-5017-40DC-8672-A899B1316DE5}.Debug|Any CPU.ActiveCfg = Debug|Any CPU
		{6759D8EF-5017-40DC-8672-A899B1316DE5}.Debug|Any CPU.Build.0 = Debug|Any CPU
		{6759D8EF-5017-40DC-8672-A899B1316DE5}.Release|Any CPU.ActiveCfg = Release|Any CPU
		{6759D8EF-5017-40DC-8672-A899B1316DE5}.Release|Any CPU.Build.0 = Release|Any CPU
	EndGlobalSection
	GlobalSection(SolutionProperties) = preSolution
		HideSolutionNode = FALSE
	EndGlobalSection
	GlobalSection(ExtensibilityGlobals) = postSolution
		SolutionGuid = {0EA4CFC1-CDAC-48D5-BC4C-4FBE69CF1DF0}
	EndGlobalSection
EndGlobal
